
Microsoft Visual Studio Solution File, Format Version 12.00
# Visual Studio Version 16
VisualStudioVersion = 16.0.28803.156
MinimumVisualStudioVersion = 10.0.40219.1
Project("{9A19103F-16F7-4668-BE54-9A1E7A4F7556}") = "CloudFabric.ConfigurationServer.Grains", "CloudFabric.ConfigurationServer.Grains\CloudFabric.ConfigurationServer.Grains.csproj", "{C27A7D9E-84D7-4E7A-A7E3-2982B2FCF39C}"
EndProject
Project("{FAE04EC0-301F-11D3-BF4B-00C04F79EFBC}") = "CloudFabric.ConfigurationServer.GrainInterfaces", "CloudFabric.ConfigurationServer.GrainInterfaces\CloudFabric.ConfigurationServer.GrainInterfaces.csproj", "{7C699A4E-CD99-4560-9333-E9C1D545C1B4}"
EndProject
Project("{FAE04EC0-301F-11D3-BF4B-00C04F79EFBC}") = "CloudFabric.ConfigurationServer.Silo", "CloudFabric.ConfigurationServer.Silo\CloudFabric.ConfigurationServer.Silo.csproj", "{C43990B7-6F5A-47EB-B60F-499DDA127F0D}"
EndProject
Project("{FAE04EC0-301F-11D3-BF4B-00C04F79EFBC}") = "CloudFabric.ConfigurationServer.WebApi", "CloudFabric.ConfigurationServer.WebApi\CloudFabric.ConfigurationServer.WebApi.csproj", "{4194AAE6-7C46-47C1-A716-877107146558}"
EndProject
Project("{FAE04EC0-301F-11D3-BF4B-00C04F79EFBC}") = "CloudFabric.ConfigurationServer.Domain", "CloudFabric.ConfigurationServer.Domain\CloudFabric.ConfigurationServer.Domain.csproj", "{276E2374-FFCF-4CB9-B185-166EF4F54951}"
EndProject
Project("{FAE04EC0-301F-11D3-BF4B-00C04F79EFBC}") = "CloudFabric.ConfigurationServer.Domain.Tests", "CloudFabric.ConfigurationServer.Domain.Tests\CloudFabric.ConfigurationServer.Domain.Tests.csproj", "{F7F320D5-A5D5-434C-B411-C86EDA665488}"
EndProject
Global
	GlobalSection(SolutionConfigurationPlatforms) = preSolution
		Debug|Any CPU = Debug|Any CPU
		Release|Any CPU = Release|Any CPU
	EndGlobalSection
	GlobalSection(ProjectConfigurationPlatforms) = postSolution
		{C27A7D9E-84D7-4E7A-A7E3-2982B2FCF39C}.Debug|Any CPU.ActiveCfg = Debug|Any CPU
		{C27A7D9E-84D7-4E7A-A7E3-2982B2FCF39C}.Debug|Any CPU.Build.0 = Debug|Any CPU
		{C27A7D9E-84D7-4E7A-A7E3-2982B2FCF39C}.Release|Any CPU.ActiveCfg = Release|Any CPU
		{C27A7D9E-84D7-4E7A-A7E3-2982B2FCF39C}.Release|Any CPU.Build.0 = Release|Any CPU
		{7C699A4E-CD99-4560-9333-E9C1D545C1B4}.Debug|Any CPU.ActiveCfg = Debug|Any CPU
		{7C699A4E-CD99-4560-9333-E9C1D545C1B4}.Debug|Any CPU.Build.0 = Debug|Any CPU
		{7C699A4E-CD99-4560-9333-E9C1D545C1B4}.Release|Any CPU.ActiveCfg = Release|Any CPU
		{7C699A4E-CD99-4560-9333-E9C1D545C1B4}.Release|Any CPU.Build.0 = Release|Any CPU
		{C43990B7-6F5A-47EB-B60F-499DDA127F0D}.Debug|Any CPU.ActiveCfg = Debug|Any CPU
		{C43990B7-6F5A-47EB-B60F-499DDA127F0D}.Debug|Any CPU.Build.0 = Debug|Any CPU
		{C43990B7-6F5A-47EB-B60F-499DDA127F0D}.Release|Any CPU.ActiveCfg = Release|Any CPU
		{C43990B7-6F5A-47EB-B60F-499DDA127F0D}.Release|Any CPU.Build.0 = Release|Any CPU
		{4194AAE6-7C46-47C1-A716-877107146558}.Debug|Any CPU.ActiveCfg = Debug|Any CPU
		{4194AAE6-7C46-47C1-A716-877107146558}.Debug|Any CPU.Build.0 = Debug|Any CPU
		{4194AAE6-7C46-47C1-A716-877107146558}.Release|Any CPU.ActiveCfg = Release|Any CPU
		{4194AAE6-7C46-47C1-A716-877107146558}.Release|Any CPU.Build.0 = Release|Any CPU
		{276E2374-FFCF-4CB9-B185-166EF4F54951}.Debug|Any CPU.ActiveCfg = Debug|Any CPU
		{276E2374-FFCF-4CB9-B185-166EF4F54951}.Debug|Any CPU.Build.0 = Debug|Any CPU
		{276E2374-FFCF-4CB9-B185-166EF4F54951}.Release|Any CPU.ActiveCfg = Release|Any CPU
		{276E2374-FFCF-4CB9-B185-166EF4F54951}.Release|Any CPU.Build.0 = Release|Any CPU
		{F7F320D5-A5D5-434C-B411-C86EDA665488}.Debug|Any CPU.ActiveCfg = Debug|Any CPU
		{F7F320D5-A5D5-434C-B411-C86EDA665488}.Debug|Any CPU.Build.0 = Debug|Any CPU
		{F7F320D5-A5D5-434C-B411-C86EDA665488}.Release|Any CPU.ActiveCfg = Release|Any CPU
		{F7F320D5-A5D5-434C-B411-C86EDA665488}.Release|Any CPU.Build.0 = Release|Any CPU
	EndGlobalSection
	GlobalSection(SolutionProperties) = preSolution
		HideSolutionNode = FALSE
	EndGlobalSection
	GlobalSection(ExtensibilityGlobals) = postSolution
		SolutionGuid = {DF338B98-365E-4EEF-A7D6-ED5C6B887D5C}
	EndGlobalSection
EndGlobal
